
Microsoft Visual Studio Solution File, Format Version 12.00
# Visual Studio 15
VisualStudioVersion = 15.0.28307.421
MinimumVisualStudioVersion = 10.0.40219.1
Project("{FAE04EC0-301F-11D3-BF4B-00C04F79EFBC}") = "HW5", "HW5\HW5.csproj", "{AF6FB629-7447-4561-BD98-AA830DE57D3F}"
EndProject
Global
	GlobalSection(SolutionConfigurationPlatforms) = preSolution
		Debug|Any CPU = Debug|Any CPU
		Release|Any CPU = Release|Any CPU
	EndGlobalSection
	GlobalSection(ProjectConfigurationPlatforms) = postSolution
		{AF6FB629-7447-4561-BD98-AA830DE57D3F}.Debug|Any CPU.ActiveCfg = Debug|Any CPU
		{AF6FB629-7447-4561-BD98-AA830DE57D3F}.Debug|Any CPU.Build.0 = Debug|Any CPU
		{AF6FB629-7447-4561-BD98-AA830DE57D3F}.Release|Any CPU.ActiveCfg = Release|Any CPU
		{AF6FB629-7447-4561-BD98-AA830DE57D3F}.Release|Any CPU.Build.0 = Release|Any CPU
	EndGlobalSection
	GlobalSection(SolutionProperties) = preSolution
		HideSolutionNode = FALSE
	EndGlobalSection
	GlobalSection(ExtensibilityGlobals) = postSolution
		SolutionGuid = {272B4F66-1255-426A-AB7C-20F532C03C0C}
	EndGlobalSection
EndGlobal
